
Microsoft Visual Studio Solution File, Format Version 12.00
# Visual Studio 15
VisualStudioVersion = 15.0.28307.1972
MinimumVisualStudioVersion = 10.0.40219.1
Project("{FAE04EC0-301F-11D3-BF4B-00C04F79EFBC}") = "Presentacion", "Presentacion\Presentacion.csproj", "{BF63C72F-E70A-44BB-ADFA-5FAED88AB1F5}"
EndProject
Project("{FAE04EC0-301F-11D3-BF4B-00C04F79EFBC}") = "Dominio", "Dominio\Dominio.csproj", "{949C12CA-7F5E-4095-9686-A0C978A2055E}"
EndProject
Project("{FAE04EC0-301F-11D3-BF4B-00C04F79EFBC}") = "Datos", "Datos\Datos.csproj", "{7AFADB4C-DC62-450B-B6E3-0AB63F0623D8}"
EndProject
Global
	GlobalSection(SolutionConfigurationPlatforms) = preSolution
		Debug|Any CPU = Debug|Any CPU
		Release|Any CPU = Release|Any CPU
	EndGlobalSection
	GlobalSection(ProjectConfigurationPlatforms) = postSolution
		{BF63C72F-E70A-44BB-ADFA-5FAED88AB1F5}.Debug|Any CPU.ActiveCfg = Debug|Any CPU
		{BF63C72F-E70A-44BB-ADFA-5FAED88AB1F5}.Debug|Any CPU.Build.0 = Debug|Any CPU
		{BF63C72F-E70A-44BB-ADFA-5FAED88AB1F5}.Release|Any CPU.ActiveCfg = Release|Any CPU
		{BF63C72F-E70A-44BB-ADFA-5FAED88AB1F5}.Release|Any CPU.Build.0 = Release|Any CPU
		{949C12CA-7F5E-4095-9686-A0C978A2055E}.Debug|Any CPU.ActiveCfg = Debug|Any CPU
		{949C12CA-7F5E-4095-9686-A0C978A2055E}.Debug|Any CPU.Build.0 = Debug|Any CPU
		{949C12CA-7F5E-4095-9686-A0C978A2055E}.Release|Any CPU.ActiveCfg = Release|Any CPU
		{949C12CA-7F5E-4095-9686-A0C978A2055E}.Release|Any CPU.Build.0 = Release|Any CPU
		{7AFADB4C-DC62-450B-B6E3-0AB63F0623D8}.Debug|Any CPU.ActiveCfg = Debug|Any CPU
		{7AFADB4C-DC62-450B-B6E3-0AB63F0623D8}.Debug|Any CPU.Build.0 = Debug|Any CPU
		{7AFADB4C-DC62-450B-B6E3-0AB63F0623D8}.Release|Any CPU.ActiveCfg = Release|Any CPU
		{7AFADB4C-DC62-450B-B6E3-0AB63F0623D8}.Release|Any CPU.Build.0 = Release|Any CPU
	EndGlobalSection
	GlobalSection(SolutionProperties) = preSolution
		HideSolutionNode = FALSE
	EndGlobalSection
	GlobalSection(ExtensibilityGlobals) = postSolution
		SolutionGuid = {A3BA914F-FCD2-4DE8-B60E-5CFCA9F5F7F4}
	EndGlobalSection
EndGlobal
